
Microsoft Visual Studio Solution File, Format Version 12.00
# Visual Studio 2013
VisualStudioVersion = 12.0.21005.1
MinimumVisualStudioVersion = 10.0.40219.1
Project("{FAE04EC0-301F-11D3-BF4B-00C04F79EFBC}") = "Content", "Content\Content.contentproj", "{3B4C1F90-91A5-40CA-B995-7B543DD464EF}"
EndProject
Project("{FAE04EC0-301F-11D3-BF4B-00C04F79EFBC}") = "Dominus Core", "Dominus Core\Dominus Core.csproj", "{03054023-ABB1-474F-8974-910E12F6BEC1}"
EndProject
Project("{FAE04EC0-301F-11D3-BF4B-00C04F79EFBC}") = "Dominus Graphics", "Dominus Graphics\Dominus Graphics.csproj", "{13EA4106-993E-45B0-AEF6-8971A569F984}"
EndProject
Project("{FAE04EC0-301F-11D3-BF4B-00C04F79EFBC}") = "Dominus Utilities", "Dominus Utilities\Dominus Utilities.csproj", "{5E02BC34-EA1E-4C8A-9C76-4AB1B7F4D397}"
EndProject
Project("{FAE04EC0-301F-11D3-BF4B-00C04F79EFBC}") = "Dominus GUI Editor", "Dominus GUI Editor\Dominus GUI Editor\Dominus GUI Editor.csproj", "{E86749A9-CF74-4E7C-B402-D8BCC80F4A1E}"
EndProject
Global
	GlobalSection(SolutionConfigurationPlatforms) = preSolution
		Debug|Any CPU = Debug|Any CPU
		Debug|Mixed Platforms = Debug|Mixed Platforms
		Debug|x86 = Debug|x86
		Release|Any CPU = Release|Any CPU
		Release|Mixed Platforms = Release|Mixed Platforms
		Release|x86 = Release|x86
	EndGlobalSection
	GlobalSection(ProjectConfigurationPlatforms) = postSolution
		{3B4C1F90-91A5-40CA-B995-7B543DD464EF}.Debug|Any CPU.ActiveCfg = Debug|x86
		{3B4C1F90-91A5-40CA-B995-7B543DD464EF}.Debug|Mixed Platforms.ActiveCfg = Debug|x86
		{3B4C1F90-91A5-40CA-B995-7B543DD464EF}.Debug|x86.ActiveCfg = Debug|x86
		{3B4C1F90-91A5-40CA-B995-7B543DD464EF}.Release|Any CPU.ActiveCfg = Release|x86
		{3B4C1F90-91A5-40CA-B995-7B543DD464EF}.Release|Mixed Platforms.ActiveCfg = Release|x86
		{3B4C1F90-91A5-40CA-B995-7B543DD464EF}.Release|x86.ActiveCfg = Release|x86
		{03054023-ABB1-474F-8974-910E12F6BEC1}.Debug|Any CPU.ActiveCfg = Debug|x86
		{03054023-ABB1-474F-8974-910E12F6BEC1}.Debug|Mixed Platforms.ActiveCfg = Debug|x86
		{03054023-ABB1-474F-8974-910E12F6BEC1}.Debug|Mixed Platforms.Build.0 = Debug|x86
		{03054023-ABB1-474F-8974-910E12F6BEC1}.Debug|x86.ActiveCfg = Debug|x86
		{03054023-ABB1-474F-8974-910E12F6BEC1}.Debug|x86.Build.0 = Debug|x86
		{03054023-ABB1-474F-8974-910E12F6BEC1}.Release|Any CPU.ActiveCfg = Release|x86
		{03054023-ABB1-474F-8974-910E12F6BEC1}.Release|Mixed Platforms.ActiveCfg = Release|x86
		{03054023-ABB1-474F-8974-910E12F6BEC1}.Release|Mixed Platforms.Build.0 = Release|x86
		{03054023-ABB1-474F-8974-910E12F6BEC1}.Release|x86.ActiveCfg = Release|x86
		{03054023-ABB1-474F-8974-910E12F6BEC1}.Release|x86.Build.0 = Release|x86
		{13EA4106-993E-45B0-AEF6-8971A569F984}.Debug|Any CPU.ActiveCfg = Debug|x86
		{13EA4106-993E-45B0-AEF6-8971A569F984}.Debug|Mixed Platforms.ActiveCfg = Debug|x86
		{13EA4106-993E-45B0-AEF6-8971A569F984}.Debug|Mixed Platforms.Build.0 = Debug|x86
		{13EA4106-993E-45B0-AEF6-8971A569F984}.Debug|x86.ActiveCfg = Debug|x86
		{13EA4106-993E-45B0-AEF6-8971A569F984}.Debug|x86.Build.0 = Debug|x86
		{13EA4106-993E-45B0-AEF6-8971A569F984}.Release|Any CPU.ActiveCfg = Release|x86
		{13EA4106-993E-45B0-AEF6-8971A569F984}.Release|Mixed Platforms.ActiveCfg = Release|x86
		{13EA4106-993E-45B0-AEF6-8971A569F984}.Release|Mixed Platforms.Build.0 = Release|x86
		{13EA4106-993E-45B0-AEF6-8971A569F984}.Release|x86.ActiveCfg = Release|x86
		{13EA4106-993E-45B0-AEF6-8971A569F984}.Release|x86.Build.0 = Release|x86
		{5E02BC34-EA1E-4C8A-9C76-4AB1B7F4D397}.Debug|Any CPU.ActiveCfg = Debug|x86
		{5E02BC34-EA1E-4C8A-9C76-4AB1B7F4D397}.Debug|Mixed Platforms.ActiveCfg = Debug|x86
		{5E02BC34-EA1E-4C8A-9C76-4AB1B7F4D397}.Debug|Mixed Platforms.Build.0 = Debug|x86
		{5E02BC34-EA1E-4C8A-9C76-4AB1B7F4D397}.Debug|x86.ActiveCfg = Debug|x86
		{5E02BC34-EA1E-4C8A-9C76-4AB1B7F4D397}.Debug|x86.Build.0 = Debug|x86
		{5E02BC34-EA1E-4C8A-9C76-4AB1B7F4D397}.Release|Any CPU.ActiveCfg = Release|x86
		{5E02BC34-EA1E-4C8A-9C76-4AB1B7F4D397}.Release|Mixed Platforms.ActiveCfg = Release|x86
		{5E02BC34-EA1E-4C8A-9C76-4AB1B7F4D397}.Release|Mixed Platforms.Build.0 = Release|x86
		{5E02BC34-EA1E-4C8A-9C76-4AB1B7F4D397}.Release|x86.ActiveCfg = Release|x86
		{5E02BC34-EA1E-4C8A-9C76-4AB1B7F4D397}.Release|x86.Build.0 = Release|x86
		{E86749A9-CF74-4E7C-B402-D8BCC80F4A1E}.Debug|Any CPU.ActiveCfg = Debug|x86
		{E86749A9-CF74-4E7C-B402-D8BCC80F4A1E}.Debug|Mixed Platforms.ActiveCfg = Debug|x86
		{E86749A9-CF74-4E7C-B402-D8BCC80F4A1E}.Debug|Mixed Platforms.Build.0 = Debug|x86
		{E86749A9-CF74-4E7C-B402-D8BCC80F4A1E}.Debug|x86.ActiveCfg = Debug|x86
		{E86749A9-CF74-4E7C-B402-D8BCC80F4A1E}.Debug|x86.Build.0 = Debug|x86
		{E86749A9-CF74-4E7C-B402-D8BCC80F4A1E}.Release|Any CPU.ActiveCfg = Release|x86
		{E86749A9-CF74-4E7C-B402-D8BCC80F4A1E}.Release|Mixed Platforms.ActiveCfg = Release|x86
		{E86749A9-CF74-4E7C-B402-D8BCC80F4A1E}.Release|Mixed Platforms.Build.0 = Release|x86
		{E86749A9-CF74-4E7C-B402-D8BCC80F4A1E}.Release|x86.ActiveCfg = Release|x86
		{E86749A9-CF74-4E7C-B402-D8BCC80F4A1E}.Release|x86.Build.0 = Release|x86
	EndGlobalSection
	GlobalSection(SolutionProperties) = preSolution
		HideSolutionNode = FALSE
	EndGlobalSection
EndGlobal
